// !$*UTF8*$!
{
	archiveVersion = 1;
	classes = {
	};
	objectVersion = 56;
	objects = {

/* Begin PBXBuildFile section */
		C91A681D2B31DD750030A650 /* FirstTests.swift in Sources */ = {isa = PBXBuildFile; fileRef = C91A681C2B31DD750030A650 /* FirstTests.swift */; };
		C91A681F2B324C340030A650 /* Main.swift in Sources */ = {isa = PBXBuildFile; fileRef = C91A681E2B324C340030A650 /* Main.swift */; };
		C9B2E24F2B31A8560030DDFE /* GitInboxApp.swift in Sources */ = {isa = PBXBuildFile; fileRef = C9B2E24E2B31A8560030DDFE /* GitInboxApp.swift */; };
		C9B2E2512B31A8560030DDFE /* ContentView.swift in Sources */ = {isa = PBXBuildFile; fileRef = C9B2E2502B31A8560030DDFE /* ContentView.swift */; };
		C9B2E2532B31A8590030DDFE /* Assets.xcassets in Resources */ = {isa = PBXBuildFile; fileRef = C9B2E2522B31A8590030DDFE /* Assets.xcassets */; };
		C9B2E2562B31A8590030DDFE /* Preview Assets.xcassets in Resources */ = {isa = PBXBuildFile; fileRef = C9B2E2552B31A8590030DDFE /* Preview Assets.xcassets */; };
/* End PBXBuildFile section */

/* Begin PBXContainerItemProxy section */
		C9B2E25C2B31A85A0030DDFE /* PBXContainerItemProxy */ = {
			isa = PBXContainerItemProxy;
			containerPortal = C9B2E2432B31A8560030DDFE /* Project object */;
			proxyType = 1;
			remoteGlobalIDString = C9B2E24A2B31A8560030DDFE;
			remoteInfo = GitInbox;
		};
/* End PBXContainerItemProxy section */

/* Begin PBXFileReference section */
		C91A681C2B31DD750030A650 /* FirstTests.swift */ = {isa = PBXFileReference; lastKnownFileType = sourcecode.swift; path = FirstTests.swift; sourceTree = "<group>"; };
		C91A681E2B324C340030A650 /* Main.swift */ = {isa = PBXFileReference; lastKnownFileType = sourcecode.swift; path = Main.swift; sourceTree = "<group>"; };
		C9B2E24B2B31A8560030DDFE /* GitInbox.app */ = {isa = PBXFileReference; explicitFileType = wrapper.application; includeInIndex = 0; path = GitInbox.app; sourceTree = BUILT_PRODUCTS_DIR; };
		C9B2E24E2B31A8560030DDFE /* GitInboxApp.swift */ = {isa = PBXFileReference; lastKnownFileType = sourcecode.swift; path = GitInboxApp.swift; sourceTree = "<group>"; };
		C9B2E2502B31A8560030DDFE /* ContentView.swift */ = {isa = PBXFileReference; lastKnownFileType = sourcecode.swift; path = ContentView.swift; sourceTree = "<group>"; };
		C9B2E2522B31A8590030DDFE /* Assets.xcassets */ = {isa = PBXFileReference; lastKnownFileType = folder.assetcatalog; path = Assets.xcassets; sourceTree = "<group>"; };
		C9B2E2552B31A8590030DDFE /* Preview Assets.xcassets */ = {isa = PBXFileReference; lastKnownFileType = folder.assetcatalog; path = "Preview Assets.xcassets"; sourceTree = "<group>"; };
		C9B2E25B2B31A85A0030DDFE /* GitInboxTests.xctest */ = {isa = PBXFileReference; explicitFileType = wrapper.cfbundle; includeInIndex = 0; path = GitInboxTests.xctest; sourceTree = BUILT_PRODUCTS_DIR; };
		C9B2E2792B31C7960030DDFE /* GitInboxTests.xctestplan */ = {isa = PBXFileReference; lastKnownFileType = text; path = GitInboxTests.xctestplan; sourceTree = "<group>"; };
/* End PBXFileReference section */

/* Begin PBXFrameworksBuildPhase section */
		C9B2E2482B31A8560030DDFE /* Frameworks */ = {
			isa = PBXFrameworksBuildPhase;
			buildActionMask = 2147483647;
			files = (
			);
			runOnlyForDeploymentPostprocessing = 0;
		};
		C9B2E2582B31A85A0030DDFE /* Frameworks */ = {
			isa = PBXFrameworksBuildPhase;
			buildActionMask = 2147483647;
			files = (
			);
			runOnlyForDeploymentPostprocessing = 0;
		};
/* End PBXFrameworksBuildPhase section */

/* Begin PBXGroup section */
		C9B2E2422B31A8560030DDFE = {
			isa = PBXGroup;
			children = (
				C9B2E2792B31C7960030DDFE /* GitInboxTests.xctestplan */,
				C9B2E24D2B31A8560030DDFE /* GitInbox */,
				C9B2E25E2B31A85A0030DDFE /* GitInboxTests */,
				C9B2E24C2B31A8560030DDFE /* Products */,
			);
			sourceTree = "<group>";
		};
		C9B2E24C2B31A8560030DDFE /* Products */ = {
			isa = PBXGroup;
			children = (
				C9B2E24B2B31A8560030DDFE /* GitInbox.app */,
				C9B2E25B2B31A85A0030DDFE /* GitInboxTests.xctest */,
			);
			name = Products;
			sourceTree = "<group>";
		};
		C9B2E24D2B31A8560030DDFE /* GitInbox */ = {
			isa = PBXGroup;
			children = (
				C9B2E24E2B31A8560030DDFE /* GitInboxApp.swift */,
				C9B2E2502B31A8560030DDFE /* ContentView.swift */,
				C9B2E2522B31A8590030DDFE /* Assets.xcassets */,
				C9B2E2542B31A8590030DDFE /* Preview Content */,
				C91A681E2B324C340030A650 /* Main.swift */,
			);
			path = GitInbox;
			sourceTree = "<group>";
		};
		C9B2E2542B31A8590030DDFE /* Preview Content */ = {
			isa = PBXGroup;
			children = (
				C9B2E2552B31A8590030DDFE /* Preview Assets.xcassets */,
			);
			path = "Preview Content";
			sourceTree = "<group>";
		};
		C9B2E25E2B31A85A0030DDFE /* GitInboxTests */ = {
			isa = PBXGroup;
			children = (
				C91A681C2B31DD750030A650 /* FirstTests.swift */,
			);
			path = GitInboxTests;
			sourceTree = "<group>";
		};
/* End PBXGroup section */

/* Begin PBXNativeTarget section */
		C9B2E24A2B31A8560030DDFE /* GitInbox */ = {
			isa = PBXNativeTarget;
			buildConfigurationList = C9B2E26F2B31A85A0030DDFE /* Build configuration list for PBXNativeTarget "GitInbox" */;
			buildPhases = (
				C9B2E2472B31A8560030DDFE /* Sources */,
				C9B2E2482B31A8560030DDFE /* Frameworks */,
				C9B2E2492B31A8560030DDFE /* Resources */,
			);
			buildRules = (
			);
			dependencies = (
			);
			name = GitInbox;
			productName = GitInbox;
			productReference = C9B2E24B2B31A8560030DDFE /* GitInbox.app */;
			productType = "com.apple.product-type.application";
		};
		C9B2E25A2B31A85A0030DDFE /* GitInboxTests */ = {
			isa = PBXNativeTarget;
			buildConfigurationList = C9B2E2722B31A85A0030DDFE /* Build configuration list for PBXNativeTarget "GitInboxTests" */;
			buildPhases = (
				C9B2E2572B31A85A0030DDFE /* Sources */,
				C9B2E2582B31A85A0030DDFE /* Frameworks */,
				C9B2E2592B31A85A0030DDFE /* Resources */,
			);
			buildRules = (
			);
			dependencies = (
				C9B2E25D2B31A85A0030DDFE /* PBXTargetDependency */,
			);
			name = GitInboxTests;
			productName = GitInboxTests;
			productReference = C9B2E25B2B31A85A0030DDFE /* GitInboxTests.xctest */;
			productType = "com.apple.product-type.bundle.unit-test";
		};
/* End PBXNativeTarget section */

/* Begin PBXProject section */
		C9B2E2432B31A8560030DDFE /* Project object */ = {
			isa = PBXProject;
			attributes = {
				BuildIndependentTargetsInParallel = 1;
				LastSwiftUpdateCheck = 1510;
				LastUpgradeCheck = 1510;
				TargetAttributes = {
					C9B2E24A2B31A8560030DDFE = {
						CreatedOnToolsVersion = 15.1;
					};
					C9B2E25A2B31A85A0030DDFE = {
						CreatedOnToolsVersion = 15.1;
						LastSwiftMigration = 1510;
						TestTargetID = C9B2E24A2B31A8560030DDFE;
					};
				};
			};
			buildConfigurationList = C9B2E2462B31A8560030DDFE /* Build configuration list for PBXProject "GitInbox" */;
			compatibilityVersion = "Xcode 14.0";
			developmentRegion = en;
			hasScannedForEncodings = 0;
			knownRegions = (
				en,
				Base,
			);
			mainGroup = C9B2E2422B31A8560030DDFE;
			productRefGroup = C9B2E24C2B31A8560030DDFE /* Products */;
			projectDirPath = "";
			projectRoot = "";
			targets = (
				C9B2E24A2B31A8560030DDFE /* GitInbox */,
				C9B2E25A2B31A85A0030DDFE /* GitInboxTests */,
			);
		};
/* End PBXProject section */

/* Begin PBXResourcesBuildPhase section */
		C9B2E2492B31A8560030DDFE /* Resources */ = {
			isa = PBXResourcesBuildPhase;
			buildActionMask = 2147483647;
			files = (
				C9B2E2562B31A8590030DDFE /* Preview Assets.xcassets in Resources */,
				C9B2E2532B31A8590030DDFE /* Assets.xcassets in Resources */,
			);
			runOnlyForDeploymentPostprocessing = 0;
		};
		C9B2E2592B31A85A0030DDFE /* Resources */ = {
			isa = PBXResourcesBuildPhase;
			buildActionMask = 2147483647;
			files = (
			);
			runOnlyForDeploymentPostprocessing = 0;
		};
/* End PBXResourcesBuildPhase section */

/* Begin PBXSourcesBuildPhase section */
		C9B2E2472B31A8560030DDFE /* Sources */ = {
			isa = PBXSourcesBuildPhase;
			buildActionMask = 2147483647;
			files = (
				C91A681F2B324C340030A650 /* Main.swift in Sources */,
				C9B2E2512B31A8560030DDFE /* ContentView.swift in Sources */,
				C9B2E24F2B31A8560030DDFE /* GitInboxApp.swift in Sources */,
			);
			runOnlyForDeploymentPostprocessing = 0;
		};
		C9B2E2572B31A85A0030DDFE /* Sources */ = {
			isa = PBXSourcesBuildPhase;
			buildActionMask = 2147483647;
			files = (
				C91A681D2B31DD750030A650 /* FirstTests.swift in Sources */,
			);
			runOnlyForDeploymentPostprocessing = 0;
		};
/* End PBXSourcesBuildPhase section */

/* Begin PBXTargetDependency section */
		C9B2E25D2B31A85A0030DDFE /* PBXTargetDependency */ = {
			isa = PBXTargetDependency;
			target = C9B2E24A2B31A8560030DDFE /* GitInbox */;
			targetProxy = C9B2E25C2B31A85A0030DDFE /* PBXContainerItemProxy */;
		};
/* End PBXTargetDependency section */

/* Begin XCBuildConfiguration section */
		C9B2E26D2B31A85A0030DDFE /* Debug */ = {
			isa = XCBuildConfiguration;
			buildSettings = {
				ALWAYS_SEARCH_USER_PATHS = NO;
				ASSETCATALOG_COMPILER_GENERATE_SWIFT_ASSET_SYMBOL_EXTENSIONS = YES;
				CLANG_ANALYZER_NONNULL = YES;
				CLANG_ANALYZER_NUMBER_OBJECT_CONVERSION = YES_AGGRESSIVE;
				CLANG_CXX_LANGUAGE_STANDARD = "gnu++20";
				CLANG_ENABLE_MODULES = YES;
				CLANG_ENABLE_OBJC_ARC = YES;
				CLANG_ENABLE_OBJC_WEAK = YES;
				CLANG_WARN_BLOCK_CAPTURE_AUTORELEASING = YES;
				CLANG_WARN_BOOL_CONVERSION = YES;
				CLANG_WARN_COMMA = YES;
				CLANG_WARN_CONSTANT_CONVERSION = YES;
				CLANG_WARN_DEPRECATED_OBJC_IMPLEMENTATIONS = YES;
				CLANG_WARN_DIRECT_OBJC_ISA_USAGE = YES_ERROR;
				CLANG_WARN_DOCUMENTATION_COMMENTS = YES;
				CLANG_WARN_EMPTY_BODY = YES;
				CLANG_WARN_ENUM_CONVERSION = YES;
				CLANG_WARN_INFINITE_RECURSION = YES;
				CLANG_WARN_INT_CONVERSION = YES;
				CLANG_WARN_NON_LITERAL_NULL_CONVERSION = YES;
				CLANG_WARN_OBJC_IMPLICIT_RETAIN_SELF = YES;
				CLANG_WARN_OBJC_LITERAL_CONVERSION = YES;
				CLANG_WARN_OBJC_ROOT_CLASS = YES_ERROR;
				CLANG_WARN_QUOTED_INCLUDE_IN_FRAMEWORK_HEADER = YES;
				CLANG_WARN_RANGE_LOOP_ANALYSIS = YES;
				CLANG_WARN_STRICT_PROTOTYPES = YES;
				CLANG_WARN_SUSPICIOUS_MOVE = YES;
				CLANG_WARN_UNGUARDED_AVAILABILITY = YES_AGGRESSIVE;
				CLANG_WARN_UNREACHABLE_CODE = YES;
				CLANG_WARN__DUPLICATE_METHOD_MATCH = YES;
				COPY_PHASE_STRIP = NO;
				DEBUG_INFORMATION_FORMAT = dwarf;
				ENABLE_STRICT_OBJC_MSGSEND = YES;
				ENABLE_TESTABILITY = YES;
				ENABLE_USER_SCRIPT_SANDBOXING = YES;
				GCC_C_LANGUAGE_STANDARD = gnu17;
				GCC_DYNAMIC_NO_PIC = NO;
				GCC_NO_COMMON_BLOCKS = YES;
				GCC_OPTIMIZATION_LEVEL = 0;
				GCC_PREPROCESSOR_DEFINITIONS = (
					"DEBUG=1",
					"$(inherited)",
				);
				GCC_WARN_64_TO_32_BIT_CONVERSION = YES;
				GCC_WARN_ABOUT_RETURN_TYPE = YES_ERROR;
				GCC_WARN_UNDECLARED_SELECTOR = YES;
				GCC_WARN_UNINITIALIZED_AUTOS = YES_AGGRESSIVE;
				GCC_WARN_UNUSED_FUNCTION = YES;
				GCC_WARN_UNUSED_VARIABLE = YES;
				IPHONEOS_DEPLOYMENT_TARGET = 17.2;
				LOCALIZATION_PREFERS_STRING_CATALOGS = YES;
				MTL_ENABLE_DEBUG_INFO = INCLUDE_SOURCE;
				MTL_FAST_MATH = YES;
				ONLY_ACTIVE_ARCH = YES;
				SDKROOT = iphoneos;
				SWIFT_ACTIVE_COMPILATION_CONDITIONS = "DEBUG $(inherited)";
				SWIFT_OPTIMIZATION_LEVEL = "-Onone";
			};
			name = Debug;
		};
		C9B2E26E2B31A85A0030DDFE /* Release */ = {
			isa = XCBuildConfiguration;
			buildSettings = {
				ALWAYS_SEARCH_USER_PATHS = NO;
				ASSETCATALOG_COMPILER_GENERATE_SWIFT_ASSET_SYMBOL_EXTENSIONS = YES;
				CLANG_ANALYZER_NONNULL = YES;
				CLANG_ANALYZER_NUMBER_OBJECT_CONVERSION = YES_AGGRESSIVE;
				CLANG_CXX_LANGUAGE_STANDARD = "gnu++20";
				CLANG_ENABLE_MODULES = YES;
				CLANG_ENABLE_OBJC_ARC = YES;
				CLANG_ENABLE_OBJC_WEAK = YES;
				CLANG_WARN_BLOCK_CAPTURE_AUTORELEASING = YES;
				CLANG_WARN_BOOL_CONVERSION = YES;
				CLANG_WARN_COMMA = YES;
				CLANG_WARN_CONSTANT_CONVERSION = YES;
				CLANG_WARN_DEPRECATED_OBJC_IMPLEMENTATIONS = YES;
				CLANG_WARN_DIRECT_OBJC_ISA_USAGE = YES_ERROR;
				CLANG_WARN_DOCUMENTATION_COMMENTS = YES;
				CLANG_WARN_EMPTY_BODY = YES;
				CLANG_WARN_ENUM_CONVERSION = YES;
				CLANG_WARN_INFINITE_RECURSION = YES;
				CLANG_WARN_INT_CONVERSION = YES;
				CLANG_WARN_NON_LITERAL_NULL_CONVERSION = YES;
				CLANG_WARN_OBJC_IMPLICIT_RETAIN_SELF = YES;
				CLANG_WARN_OBJC_LITERAL_CONVERSION = YES;
				CLANG_WARN_OBJC_ROOT_CLASS = YES_ERROR;
				CLANG_WARN_QUOTED_INCLUDE_IN_FRAMEWORK_HEADER = YES;
				CLANG_WARN_RANGE_LOOP_ANALYSIS = YES;
				CLANG_WARN_STRICT_PROTOTYPES = YES;
				CLANG_WARN_SUSPICIOUS_MOVE = YES;
				CLANG_WARN_UNGUARDED_AVAILABILITY = YES_AGGRESSIVE;
				CLANG_WARN_UNREACHABLE_CODE = YES;
				CLANG_WARN__DUPLICATE_METHOD_MATCH = YES;
				COPY_PHASE_STRIP = NO;
				DEBUG_INFORMATION_FORMAT = "dwarf-with-dsym";
				ENABLE_NS_ASSERTIONS = NO;
				ENABLE_STRICT_OBJC_MSGSEND = YES;
				ENABLE_USER_SCRIPT_SANDBOXING = YES;
				GCC_C_LANGUAGE_STANDARD = gnu17;
				GCC_NO_COMMON_BLOCKS = YES;
				GCC_WARN_64_TO_32_BIT_CONVERSION = YES;
				GCC_WARN_ABOUT_RETURN_TYPE = YES_ERROR;
				GCC_WARN_UNDECLARED_SELECTOR = YES;
				GCC_WARN_UNINITIALIZED_AUTOS = YES_AGGRESSIVE;
				GCC_WARN_UNUSED_FUNCTION = YES;
				GCC_WARN_UNUSED_VARIABLE = YES;
				IPHONEOS_DEPLOYMENT_TARGET = 17.2;
				LOCALIZATION_PREFERS_STRING_CATALOGS = YES;
				MTL_ENABLE_DEBUG_INFO = NO;
				MTL_FAST_MATH = YES;
				SDKROOT = iphoneos;
				SWIFT_COMPILATION_MODE = wholemodule;
				VALIDATE_PRODUCT = YES;
			};
			name = Release;
		};
		C9B2E2702B31A85A0030DDFE /* Debug */ = {
			isa = XCBuildConfiguration;
			buildSettings = {
				ASSETCATALOG_COMPILER_APPICON_NAME = AppIcon;
				ASSETCATALOG_COMPILER_GLOBAL_ACCENT_COLOR_NAME = AccentColor;
				CODE_SIGN_STYLE = Automatic;
				CURRENT_PROJECT_VERSION = 1;
				DEVELOPMENT_ASSET_PATHS = "\"GitInbox/Preview Content\"";
				DEVELOPMENT_TEAM = L274662835;
				ENABLE_PREVIEWS = YES;
				GENERATE_INFOPLIST_FILE = YES;
				INFOPLIST_KEY_UIApplicationSceneManifest_Generation = YES;
				INFOPLIST_KEY_UIApplicationSupportsIndirectInputEvents = YES;
				INFOPLIST_KEY_UILaunchScreen_Generation = YES;
				INFOPLIST_KEY_UISupportedInterfaceOrientations_iPad = "UIInterfaceOrientationPortrait UIInterfaceOrientationPortraitUpsideDown UIInterfaceOrientationLandscapeLeft UIInterfaceOrientationLandscapeRight";
				INFOPLIST_KEY_UISupportedInterfaceOrientations_iPhone = "UIInterfaceOrientationPortrait UIInterfaceOrientationLandscapeLeft UIInterfaceOrientationLandscapeRight";
				LD_RUNPATH_SEARCH_PATHS = (
					"$(inherited)",
					"@executable_path/Frameworks",
				);
				MARKETING_VERSION = 1.0;
				PRODUCT_BUNDLE_IDENTIFIER = sergiu.GitInbox;
				PRODUCT_NAME = "$(TARGET_NAME)";
				SWIFT_EMIT_LOC_STRINGS = YES;
				SWIFT_VERSION = 5.0;
				TARGETED_DEVICE_FAMILY = "1,2";
			};
			name = Debug;
		};
		C9B2E2712B31A85A0030DDFE /* Release */ = {
			isa = XCBuildConfiguration;
			buildSettings = {
				ASSETCATALOG_COMPILER_APPICON_NAME = AppIcon;
				ASSETCATALOG_COMPILER_GLOBAL_ACCENT_COLOR_NAME = AccentColor;
				CODE_SIGN_STYLE = Automatic;
				CURRENT_PROJECT_VERSION = 1;
				DEVELOPMENT_ASSET_PATHS = "\"GitInbox/Preview Content\"";
				DEVELOPMENT_TEAM = L274662835;
				ENABLE_PREVIEWS = YES;
				GENERATE_INFOPLIST_FILE = YES;
				INFOPLIST_KEY_UIApplicationSceneManifest_Generation = YES;
				INFOPLIST_KEY_UIApplicationSupportsIndirectInputEvents = YES;
				INFOPLIST_KEY_UILaunchScreen_Generation = YES;
				INFOPLIST_KEY_UISupportedInterfaceOrientations_iPad = "UIInterfaceOrientationPortrait UIInterfaceOrientationPortraitUpsideDown UIInterfaceOrientationLandscapeLeft UIInterfaceOrientationLandscapeRight";
				INFOPLIST_KEY_UISupportedInterfaceOrientations_iPhone = "UIInterfaceOrientationPortrait UIInterfaceOrientationLandscapeLeft UIInterfaceOrientationLandscapeRight";
				LD_RUNPATH_SEARCH_PATHS = (
					"$(inherited)",
					"@executable_path/Frameworks",
				);
				MARKETING_VERSION = 1.0;
				PRODUCT_BUNDLE_IDENTIFIER = sergiu.GitInbox;
				PRODUCT_NAME = "$(TARGET_NAME)";
				SWIFT_EMIT_LOC_STRINGS = YES;
				SWIFT_VERSION = 5.0;
				TARGETED_DEVICE_FAMILY = "1,2";
			};
			name = Release;
		};
		C9B2E2732B31A85A0030DDFE /* Debug */ = {
			isa = XCBuildConfiguration;
			buildSettings = {
				ALWAYS_EMBED_SWIFT_STANDARD_LIBRARIES = YES;
				BUNDLE_LOADER = "$(TEST_HOST)";
				CLANG_ENABLE_MODULES = YES;
				CODE_SIGN_STYLE = Automatic;
				CURRENT_PROJECT_VERSION = 1;
				DEVELOPMENT_TEAM = L274662835;
				GENERATE_INFOPLIST_FILE = YES;
				IPHONEOS_DEPLOYMENT_TARGET = 17.2;
				MARKETING_VERSION = 1.0;
				PRODUCT_BUNDLE_IDENTIFIER = sergiu.GitInboxTests;
				PRODUCT_NAME = "$(TARGET_NAME)";
				SWIFT_EMIT_LOC_STRINGS = NO;
				SWIFT_OPTIMIZATION_LEVEL = "-Onone";
				SWIFT_VERSION = 5.0;
				TARGETED_DEVICE_FAMILY = "1,2";
				TEST_HOST = "$(BUILT_PRODUCTS_DIR)/GitInbox.app/$(BUNDLE_EXECUTABLE_FOLDER_PATH)/GitInbox";
			};
			name = Debug;
		};
		C9B2E2742B31A85A0030DDFE /* Release */ = {
			isa = XCBuildConfiguration;
			buildSettings = {
				ALWAYS_EMBED_SWIFT_STANDARD_LIBRARIES = YES;
				BUNDLE_LOADER = "$(TEST_HOST)";
				CLANG_ENABLE_MODULES = YES;
				CODE_SIGN_STYLE = Automatic;
				CURRENT_PROJECT_VERSION = 1;
				DEVELOPMENT_TEAM = L274662835;
				GENERATE_INFOPLIST_FILE = YES;
				IPHONEOS_DEPLOYMENT_TARGET = 17.2;
				MARKETING_VERSION = 1.0;
				PRODUCT_BUNDLE_IDENTIFIER = sergiu.GitInboxTests;
				PRODUCT_NAME = "$(TARGET_NAME)";
				SWIFT_EMIT_LOC_STRINGS = NO;
				SWIFT_VERSION = 5.0;
				TARGETED_DEVICE_FAMILY = "1,2";
				TEST_HOST = "$(BUILT_PRODUCTS_DIR)/GitInbox.app/$(BUNDLE_EXECUTABLE_FOLDER_PATH)/GitInbox";
			};
			name = Release;
		};
/* End XCBuildConfiguration section */

/* Begin XCConfigurationList section */
		C9B2E2462B31A8560030DDFE /* Build configuration list for PBXProject "GitInbox" */ = {
			isa = XCConfigurationList;
			buildConfigurations = (
				C9B2E26D2B31A85A0030DDFE /* Debug */,
				C9B2E26E2B31A85A0030DDFE /* Release */,
			);
			defaultConfigurationIsVisible = 0;
			defaultConfigurationName = Release;
		};
		C9B2E26F2B31A85A0030DDFE /* Build configuration list for PBXNativeTarget "GitInbox" */ = {
			isa = XCConfigurationList;
			buildConfigurations = (
				C9B2E2702B31A85A0030DDFE /* Debug */,
				C9B2E2712B31A85A0030DDFE /* Release */,
			);
			defaultConfigurationIsVisible = 0;
			defaultConfigurationName = Release;
		};
		C9B2E2722B31A85A0030DDFE /* Build configuration list for PBXNativeTarget "GitInboxTests" */ = {
			isa = XCConfigurationList;
			buildConfigurations = (
				C9B2E2732B31A85A0030DDFE /* Debug */,
				C9B2E2742B31A85A0030DDFE /* Release */,
			);
			defaultConfigurationIsVisible = 0;
			defaultConfigurationName = Release;
		};
/* End XCConfigurationList section */
	};
	rootObject = C9B2E2432B31A8560030DDFE /* Project object */;
}
